
Microsoft Visual Studio Solution File, Format Version 12.00
# Visual Studio Version 17
VisualStudioVersion = 17.3.32804.467
MinimumVisualStudioVersion = 10.0.40219.1
Project("{9A19103F-16F7-4668-BE54-9A1E7A4F7556}") = "CapstoneProject2", "CapstoneProject2\CapstoneProject2.csproj", "{6EFA2398-B990-4486-A7C7-5FFAD43CC2E5}"
EndProject
Project("{9A19103F-16F7-4668-BE54-9A1E7A4F7556}") = "Playing With CapstonePro2", "Playing With CapstonePro2\Playing With CapstonePro2.csproj", "{854CB39B-229B-4A27-B43D-D2C40D3E41E6}"
EndProject
Project("{FAE04EC0-301F-11D3-BF4B-00C04F79EFBC}") = "ModifyLibraryManagement", "ModifyLibraryManagement\ModifyLibraryManagement.csproj", "{7CFC8146-992D-4F79-AA94-048EA2E6CA89}"
EndProject
Global
	GlobalSection(SolutionConfigurationPlatforms) = preSolution
		Debug|Any CPU = Debug|Any CPU
		Release|Any CPU = Release|Any CPU
	EndGlobalSection
	GlobalSection(ProjectConfigurationPlatforms) = postSolution
		{6EFA2398-B990-4486-A7C7-5FFAD43CC2E5}.Debug|Any CPU.ActiveCfg = Debug|Any CPU
		{6EFA2398-B990-4486-A7C7-5FFAD43CC2E5}.Debug|Any CPU.Build.0 = Debug|Any CPU
		{6EFA2398-B990-4486-A7C7-5FFAD43CC2E5}.Release|Any CPU.ActiveCfg = Release|Any CPU
		{6EFA2398-B990-4486-A7C7-5FFAD43CC2E5}.Release|Any CPU.Build.0 = Release|Any CPU
		{854CB39B-229B-4A27-B43D-D2C40D3E41E6}.Debug|Any CPU.ActiveCfg = Debug|Any CPU
		{854CB39B-229B-4A27-B43D-D2C40D3E41E6}.Debug|Any CPU.Build.0 = Debug|Any CPU
		{854CB39B-229B-4A27-B43D-D2C40D3E41E6}.Release|Any CPU.ActiveCfg = Release|Any CPU
		{854CB39B-229B-4A27-B43D-D2C40D3E41E6}.Release|Any CPU.Build.0 = Release|Any CPU
		{7CFC8146-992D-4F79-AA94-048EA2E6CA89}.Debug|Any CPU.ActiveCfg = Debug|Any CPU
		{7CFC8146-992D-4F79-AA94-048EA2E6CA89}.Debug|Any CPU.Build.0 = Debug|Any CPU
		{7CFC8146-992D-4F79-AA94-048EA2E6CA89}.Release|Any CPU.ActiveCfg = Release|Any CPU
		{7CFC8146-992D-4F79-AA94-048EA2E6CA89}.Release|Any CPU.Build.0 = Release|Any CPU
	EndGlobalSection
	GlobalSection(SolutionProperties) = preSolution
		HideSolutionNode = FALSE
	EndGlobalSection
	GlobalSection(ExtensibilityGlobals) = postSolution
		SolutionGuid = {0288EE5B-C358-4F8F-A099-45F47D0D34DB}
	EndGlobalSection
EndGlobal
